
Microsoft Visual Studio Solution File, Format Version 12.00
# Visual Studio 15
VisualStudioVersion = 15.0.28307.271
MinimumVisualStudioVersion = 10.0.40219.1
Project("{8BC9CEB8-8B4A-11D0-8D11-00A0C91BC942}") = "老张开车去东北", "老张开车去东北\老张开车去东北.vcxproj", "{ED18A7B3-D2E3-4F07-8C54-2C07008BD632}"
EndProject
Global
	GlobalSection(SolutionConfigurationPlatforms) = preSolution
		Debug|x64 = Debug|x64
		Debug|x86 = Debug|x86
		Release|x64 = Release|x64
		Release|x86 = Release|x86
	EndGlobalSection
	GlobalSection(ProjectConfigurationPlatforms) = postSolution
		{ED18A7B3-D2E3-4F07-8C54-2C07008BD632}.Debug|x64.ActiveCfg = Debug|x64
		{ED18A7B3-D2E3-4F07-8C54-2C07008BD632}.Debug|x64.Build.0 = Debug|x64
		{ED18A7B3-D2E3-4F07-8C54-2C07008BD632}.Debug|x86.ActiveCfg = Debug|Win32
		{ED18A7B3-D2E3-4F07-8C54-2C07008BD632}.Debug|x86.Build.0 = Debug|Win32
		{ED18A7B3-D2E3-4F07-8C54-2C07008BD632}.Release|x64.ActiveCfg = Release|x64
		{ED18A7B3-D2E3-4F07-8C54-2C07008BD632}.Release|x64.Build.0 = Release|x64
		{ED18A7B3-D2E3-4F07-8C54-2C07008BD632}.Release|x86.ActiveCfg = Release|Win32
		{ED18A7B3-D2E3-4F07-8C54-2C07008BD632}.Release|x86.Build.0 = Release|Win32
	EndGlobalSection
	GlobalSection(SolutionProperties) = preSolution
		HideSolutionNode = FALSE
	EndGlobalSection
	GlobalSection(ExtensibilityGlobals) = postSolution
		SolutionGuid = {0CB8C1A1-48E9-4F3F-944B-098E32033D80}
	EndGlobalSection
EndGlobal
