
Microsoft Visual Studio Solution File, Format Version 12.00
# Visual Studio 15
VisualStudioVersion = 15.0.28307.271
MinimumVisualStudioVersion = 10.0.40219.1
Project("{8BC9CEB8-8B4A-11D0-8D11-00A0C91BC942}") = "圆、矩形、三角形", "圆、矩形、三角形\圆、矩形、三角形.vcxproj", "{3B508B0D-7954-43EA-9331-8B17B830172A}"
EndProject
Global
	GlobalSection(SolutionConfigurationPlatforms) = preSolution
		Debug|x64 = Debug|x64
		Debug|x86 = Debug|x86
		Release|x64 = Release|x64
		Release|x86 = Release|x86
	EndGlobalSection
	GlobalSection(ProjectConfigurationPlatforms) = postSolution
		{3B508B0D-7954-43EA-9331-8B17B830172A}.Debug|x64.ActiveCfg = Debug|x64
		{3B508B0D-7954-43EA-9331-8B17B830172A}.Debug|x64.Build.0 = Debug|x64
		{3B508B0D-7954-43EA-9331-8B17B830172A}.Debug|x86.ActiveCfg = Debug|Win32
		{3B508B0D-7954-43EA-9331-8B17B830172A}.Debug|x86.Build.0 = Debug|Win32
		{3B508B0D-7954-43EA-9331-8B17B830172A}.Release|x64.ActiveCfg = Release|x64
		{3B508B0D-7954-43EA-9331-8B17B830172A}.Release|x64.Build.0 = Release|x64
		{3B508B0D-7954-43EA-9331-8B17B830172A}.Release|x86.ActiveCfg = Release|Win32
		{3B508B0D-7954-43EA-9331-8B17B830172A}.Release|x86.Build.0 = Release|Win32
	EndGlobalSection
	GlobalSection(SolutionProperties) = preSolution
		HideSolutionNode = FALSE
	EndGlobalSection
	GlobalSection(ExtensibilityGlobals) = postSolution
		SolutionGuid = {3ECBBD03-EECD-482E-9149-F2FB4187DDDB}
	EndGlobalSection
EndGlobal
