
Microsoft Visual Studio Solution File, Format Version 12.00
# Visual Studio 15
VisualStudioVersion = 15.0.28307.271
MinimumVisualStudioVersion = 10.0.40219.1
Project("{8BC9CEB8-8B4A-11D0-8D11-00A0C91BC942}") = "实验六", "实验六\实验六.vcxproj", "{16CECA20-F0F8-47A3-B884-2E794DE28716}"
EndProject
Global
	GlobalSection(SolutionConfigurationPlatforms) = preSolution
		Debug|x64 = Debug|x64
		Debug|x86 = Debug|x86
		Release|x64 = Release|x64
		Release|x86 = Release|x86
	EndGlobalSection
	GlobalSection(ProjectConfigurationPlatforms) = postSolution
		{16CECA20-F0F8-47A3-B884-2E794DE28716}.Debug|x64.ActiveCfg = Debug|x64
		{16CECA20-F0F8-47A3-B884-2E794DE28716}.Debug|x64.Build.0 = Debug|x64
		{16CECA20-F0F8-47A3-B884-2E794DE28716}.Debug|x86.ActiveCfg = Debug|Win32
		{16CECA20-F0F8-47A3-B884-2E794DE28716}.Debug|x86.Build.0 = Debug|Win32
		{16CECA20-F0F8-47A3-B884-2E794DE28716}.Release|x64.ActiveCfg = Release|x64
		{16CECA20-F0F8-47A3-B884-2E794DE28716}.Release|x64.Build.0 = Release|x64
		{16CECA20-F0F8-47A3-B884-2E794DE28716}.Release|x86.ActiveCfg = Release|Win32
		{16CECA20-F0F8-47A3-B884-2E794DE28716}.Release|x86.Build.0 = Release|Win32
	EndGlobalSection
	GlobalSection(SolutionProperties) = preSolution
		HideSolutionNode = FALSE
	EndGlobalSection
	GlobalSection(ExtensibilityGlobals) = postSolution
		SolutionGuid = {5DA075BE-48E2-4A63-BA82-D6718220A0B2}
	EndGlobalSection
EndGlobal
